
Microsoft Visual Studio Solution File, Format Version 12.00
# Visual Studio 15
VisualStudioVersion = 15.0.27428.2043
MinimumVisualStudioVersion = 10.0.40219.1
Project("{9A19103F-16F7-4668-BE54-9A1E7A4F7556}") = "Syroot.Pod", "Syroot.Pod\Syroot.Pod.csproj", "{359EE0BD-338D-4218-B109-CA83DE642D82}"
EndProject
Project("{9A19103F-16F7-4668-BE54-9A1E7A4F7556}") = "Syroot.Pod.GameService", "Syroot.Pod.GameService\Syroot.Pod.GameService.csproj", "{6447DD26-E642-4275-839A-6DBE5E750F83}"
EndProject
Project("{9A19103F-16F7-4668-BE54-9A1E7A4F7556}") = "Syroot.Pod.Scratchpad", "Syroot.Pod.Scratchpad\Syroot.Pod.Scratchpad.csproj", "{F6C941B3-C3EF-4040-B0CA-CEB4AED60439}"
EndProject
Project("{9A19103F-16F7-4668-BE54-9A1E7A4F7556}") = "SJF.Pod.Converter", "SJF.Pod.Converter\SJF.Pod.Converter.csproj", "{B4F74FB3-DAE3-4743-A2E6-8891FE960843}"
EndProject
Project("{FAE04EC0-301F-11D3-BF4B-00C04F79EFBC}") = "JeremyAnsel.Media.WavefrontObj", "JeremyAnsel.Media.WavefrontObj\JeremyAnsel.Media.WavefrontObj\JeremyAnsel.Media.WavefrontObj\JeremyAnsel.Media.WavefrontObj.csproj", "{32A40ACD-819E-49C7-B2B8-CCF20AE2286E}"
EndProject
Project("{FAE04EC0-301F-11D3-BF4B-00C04F79EFBC}") = "CircuitInfo", "CircuitInfo\CircuitInfo.csproj", "{3315DBD0-7138-4B13-8DDF-97612A2DBA97}"
EndProject
Global
	GlobalSection(SolutionConfigurationPlatforms) = preSolution
		Debug|Any CPU = Debug|Any CPU
		Release|Any CPU = Release|Any CPU
	EndGlobalSection
	GlobalSection(ProjectConfigurationPlatforms) = postSolution
		{359EE0BD-338D-4218-B109-CA83DE642D82}.Debug|Any CPU.ActiveCfg = Debug|Any CPU
		{359EE0BD-338D-4218-B109-CA83DE642D82}.Debug|Any CPU.Build.0 = Debug|Any CPU
		{359EE0BD-338D-4218-B109-CA83DE642D82}.Release|Any CPU.ActiveCfg = Release|Any CPU
		{359EE0BD-338D-4218-B109-CA83DE642D82}.Release|Any CPU.Build.0 = Release|Any CPU
		{6447DD26-E642-4275-839A-6DBE5E750F83}.Debug|Any CPU.ActiveCfg = Debug|Any CPU
		{6447DD26-E642-4275-839A-6DBE5E750F83}.Debug|Any CPU.Build.0 = Debug|Any CPU
		{6447DD26-E642-4275-839A-6DBE5E750F83}.Release|Any CPU.ActiveCfg = Release|Any CPU
		{6447DD26-E642-4275-839A-6DBE5E750F83}.Release|Any CPU.Build.0 = Release|Any CPU
		{F6C941B3-C3EF-4040-B0CA-CEB4AED60439}.Debug|Any CPU.ActiveCfg = Debug|Any CPU
		{F6C941B3-C3EF-4040-B0CA-CEB4AED60439}.Debug|Any CPU.Build.0 = Debug|Any CPU
		{F6C941B3-C3EF-4040-B0CA-CEB4AED60439}.Release|Any CPU.ActiveCfg = Release|Any CPU
		{F6C941B3-C3EF-4040-B0CA-CEB4AED60439}.Release|Any CPU.Build.0 = Release|Any CPU
		{B4F74FB3-DAE3-4743-A2E6-8891FE960843}.Debug|Any CPU.ActiveCfg = Debug|Any CPU
		{B4F74FB3-DAE3-4743-A2E6-8891FE960843}.Debug|Any CPU.Build.0 = Debug|Any CPU
		{B4F74FB3-DAE3-4743-A2E6-8891FE960843}.Release|Any CPU.ActiveCfg = Release|Any CPU
		{B4F74FB3-DAE3-4743-A2E6-8891FE960843}.Release|Any CPU.Build.0 = Release|Any CPU
		{32A40ACD-819E-49C7-B2B8-CCF20AE2286E}.Debug|Any CPU.ActiveCfg = Debug|Any CPU
		{32A40ACD-819E-49C7-B2B8-CCF20AE2286E}.Debug|Any CPU.Build.0 = Debug|Any CPU
		{32A40ACD-819E-49C7-B2B8-CCF20AE2286E}.Release|Any CPU.ActiveCfg = Release|Any CPU
		{32A40ACD-819E-49C7-B2B8-CCF20AE2286E}.Release|Any CPU.Build.0 = Release|Any CPU
		{3315DBD0-7138-4B13-8DDF-97612A2DBA97}.Debug|Any CPU.ActiveCfg = Debug|Any CPU
		{3315DBD0-7138-4B13-8DDF-97612A2DBA97}.Debug|Any CPU.Build.0 = Debug|Any CPU
		{3315DBD0-7138-4B13-8DDF-97612A2DBA97}.Release|Any CPU.ActiveCfg = Release|Any CPU
		{3315DBD0-7138-4B13-8DDF-97612A2DBA97}.Release|Any CPU.Build.0 = Release|Any CPU
	EndGlobalSection
	GlobalSection(SolutionProperties) = preSolution
		HideSolutionNode = FALSE
	EndGlobalSection
	GlobalSection(ExtensibilityGlobals) = postSolution
		SolutionGuid = {1B1D7E53-2363-4019-BD40-D1DBBED54ADC}
	EndGlobalSection
EndGlobal
